
Microsoft Visual Studio Solution File, Format Version 12.00
# Visual Studio 15
VisualStudioVersion = 15.0.27130.2027
MinimumVisualStudioVersion = 10.0.40219.1
Project("{FAE04EC0-301F-11D3-BF4B-00C04F79EFBC}") = "TallboyBLL", "TallboyBLL.csproj", "{79F0BD8E-9158-4947-8E4D-F1544222DC44}"
EndProject
Project("{FAE04EC0-301F-11D3-BF4B-00C04F79EFBC}") = "HelperProject", "..\HelperProject\HelperProject.csproj", "{C251B473-394F-49DD-8E73-6384B7F03EBB}"
EndProject
Global
	GlobalSection(SolutionConfigurationPlatforms) = preSolution
		Debug|Any CPU = Debug|Any CPU
		Release|Any CPU = Release|Any CPU
	EndGlobalSection
	GlobalSection(ProjectConfigurationPlatforms) = postSolution
		{79F0BD8E-9158-4947-8E4D-F1544222DC44}.Debug|Any CPU.ActiveCfg = Debug|Any CPU
		{79F0BD8E-9158-4947-8E4D-F1544222DC44}.Debug|Any CPU.Build.0 = Debug|Any CPU
		{79F0BD8E-9158-4947-8E4D-F1544222DC44}.Release|Any CPU.ActiveCfg = Release|Any CPU
		{79F0BD8E-9158-4947-8E4D-F1544222DC44}.Release|Any CPU.Build.0 = Release|Any CPU
		{C251B473-394F-49DD-8E73-6384B7F03EBB}.Debug|Any CPU.ActiveCfg = Debug|Any CPU
		{C251B473-394F-49DD-8E73-6384B7F03EBB}.Debug|Any CPU.Build.0 = Debug|Any CPU
		{C251B473-394F-49DD-8E73-6384B7F03EBB}.Release|Any CPU.ActiveCfg = Release|Any CPU
		{C251B473-394F-49DD-8E73-6384B7F03EBB}.Release|Any CPU.Build.0 = Release|Any CPU
	EndGlobalSection
	GlobalSection(SolutionProperties) = preSolution
		HideSolutionNode = FALSE
	EndGlobalSection
	GlobalSection(ExtensibilityGlobals) = postSolution
		SolutionGuid = {1AC513DC-772B-4AB7-BE45-4C93B784534D}
	EndGlobalSection
EndGlobal
